
Microsoft Visual Studio Solution File, Format Version 12.00
# Visual Studio 15
VisualStudioVersion = 15.0.26124.0
MinimumVisualStudioVersion = 15.0.26124.0
Project("{2150E333-8FDC-42A3-9474-1A3956D46DE8}") = "src", "src", "{2CAD0696-F017-4829-AF3A-29EDFA57E76B}"
EndProject
Project("{FAE04EC0-301F-11D3-BF4B-00C04F79EFBC}") = "SampleApplication", "src\SampleApplication\SampleApplication.csproj", "{655B57A7-7DD2-42D9-829A-A15271E0BB61}"
EndProject
Project("{2150E333-8FDC-42A3-9474-1A3956D46DE8}") = "test", "test", "{067C7D71-7A75-4EEE-81AE-9B14FDE348F4}"
EndProject
Project("{FAE04EC0-301F-11D3-BF4B-00C04F79EFBC}") = "SampleApplication.Functionaltests", "test\SampleApplication.Functionaltests\SampleApplication.Functionaltests.csproj", "{F8F20930-D58C-42DD-BB14-81DA6B747742}"
EndProject
Global
	GlobalSection(SolutionConfigurationPlatforms) = preSolution
		Debug|Any CPU = Debug|Any CPU
		Debug|x64 = Debug|x64
		Debug|x86 = Debug|x86
		Release|Any CPU = Release|Any CPU
		Release|x64 = Release|x64
		Release|x86 = Release|x86
	EndGlobalSection
	GlobalSection(SolutionProperties) = preSolution
		HideSolutionNode = FALSE
	EndGlobalSection
	GlobalSection(ProjectConfigurationPlatforms) = postSolution
		{655B57A7-7DD2-42D9-829A-A15271E0BB61}.Debug|Any CPU.ActiveCfg = Debug|Any CPU
		{655B57A7-7DD2-42D9-829A-A15271E0BB61}.Debug|Any CPU.Build.0 = Debug|Any CPU
		{655B57A7-7DD2-42D9-829A-A15271E0BB61}.Debug|x64.ActiveCfg = Debug|Any CPU
		{655B57A7-7DD2-42D9-829A-A15271E0BB61}.Debug|x64.Build.0 = Debug|Any CPU
		{655B57A7-7DD2-42D9-829A-A15271E0BB61}.Debug|x86.ActiveCfg = Debug|Any CPU
		{655B57A7-7DD2-42D9-829A-A15271E0BB61}.Debug|x86.Build.0 = Debug|Any CPU
		{655B57A7-7DD2-42D9-829A-A15271E0BB61}.Release|Any CPU.ActiveCfg = Release|Any CPU
		{655B57A7-7DD2-42D9-829A-A15271E0BB61}.Release|Any CPU.Build.0 = Release|Any CPU
		{655B57A7-7DD2-42D9-829A-A15271E0BB61}.Release|x64.ActiveCfg = Release|Any CPU
		{655B57A7-7DD2-42D9-829A-A15271E0BB61}.Release|x64.Build.0 = Release|Any CPU
		{655B57A7-7DD2-42D9-829A-A15271E0BB61}.Release|x86.ActiveCfg = Release|Any CPU
		{655B57A7-7DD2-42D9-829A-A15271E0BB61}.Release|x86.Build.0 = Release|Any CPU
		{F8F20930-D58C-42DD-BB14-81DA6B747742}.Debug|Any CPU.ActiveCfg = Debug|Any CPU
		{F8F20930-D58C-42DD-BB14-81DA6B747742}.Debug|Any CPU.Build.0 = Debug|Any CPU
		{F8F20930-D58C-42DD-BB14-81DA6B747742}.Debug|x64.ActiveCfg = Debug|Any CPU
		{F8F20930-D58C-42DD-BB14-81DA6B747742}.Debug|x64.Build.0 = Debug|Any CPU
		{F8F20930-D58C-42DD-BB14-81DA6B747742}.Debug|x86.ActiveCfg = Debug|Any CPU
		{F8F20930-D58C-42DD-BB14-81DA6B747742}.Debug|x86.Build.0 = Debug|Any CPU
		{F8F20930-D58C-42DD-BB14-81DA6B747742}.Release|Any CPU.ActiveCfg = Release|Any CPU
		{F8F20930-D58C-42DD-BB14-81DA6B747742}.Release|Any CPU.Build.0 = Release|Any CPU
		{F8F20930-D58C-42DD-BB14-81DA6B747742}.Release|x64.ActiveCfg = Release|Any CPU
		{F8F20930-D58C-42DD-BB14-81DA6B747742}.Release|x64.Build.0 = Release|Any CPU
		{F8F20930-D58C-42DD-BB14-81DA6B747742}.Release|x86.ActiveCfg = Release|Any CPU
		{F8F20930-D58C-42DD-BB14-81DA6B747742}.Release|x86.Build.0 = Release|Any CPU
	EndGlobalSection
	GlobalSection(NestedProjects) = preSolution
		{655B57A7-7DD2-42D9-829A-A15271E0BB61} = {2CAD0696-F017-4829-AF3A-29EDFA57E76B}
		{F8F20930-D58C-42DD-BB14-81DA6B747742} = {067C7D71-7A75-4EEE-81AE-9B14FDE348F4}
	EndGlobalSection
EndGlobal
